
Microsoft Visual Studio Solution File, Format Version 12.00
# Visual Studio Version 16
VisualStudioVersion = 16.0.32228.343
MinimumVisualStudioVersion = 10.0.40219.1
Project("{FAE04EC0-301F-11D3-BF4B-00C04F79EFBC}") = "CustomControls", "CustomControls\CustomControls.csproj", "{C562A95D-444E-4B92-BBCA-E186F317CC54}"
EndProject
Global
	GlobalSection(SolutionConfigurationPlatforms) = preSolution
		Debug|Any CPU = Debug|Any CPU
		Release|Any CPU = Release|Any CPU
	EndGlobalSection
	GlobalSection(ProjectConfigurationPlatforms) = postSolution
		{C562A95D-444E-4B92-BBCA-E186F317CC54}.Debug|Any CPU.ActiveCfg = Debug|Any CPU
		{C562A95D-444E-4B92-BBCA-E186F317CC54}.Debug|Any CPU.Build.0 = Debug|Any CPU
		{C562A95D-444E-4B92-BBCA-E186F317CC54}.Release|Any CPU.ActiveCfg = Release|Any CPU
		{C562A95D-444E-4B92-BBCA-E186F317CC54}.Release|Any CPU.Build.0 = Release|Any CPU
	EndGlobalSection
	GlobalSection(SolutionProperties) = preSolution
		HideSolutionNode = FALSE
	EndGlobalSection
	GlobalSection(ExtensibilityGlobals) = postSolution
		SolutionGuid = {CA90CCD3-DE4E-4B41-B7EE-03545EC2B731}
	EndGlobalSection
EndGlobal
